{
  "requires": true,
  "lockfileVersion": 1,
  "dependencies": {
    "@angular/router": {
      "version": "8.1.1",
      "resolved": "https://registry.npmjs.org/@angular/router/-/router-8.1.1.tgz",
      "integrity": "sha512-UTL/TjokRUd3hdePBrj1ITmBGq+EcVNz3D18lFi96461ZLQeXSbbf3vjQfL6SE53E4+hfKKR7/tOqQOgb5br7A==",
      "requires": {
        "tslib": "^1.9.0"
      }
    },
    "tslib": {
      "version": "1.10.0",
      "resolved": "https://registry.npmjs.org/tslib/-/tslib-1.10.0.tgz",
      "integrity": "sha512-qOebF53frne81cf0S9B41ByenJ3/IuH8yJKngAX35CmiZySA0khhkovshKK+jGCaMnVomla7gVlIcc3EvKPbTQ=="
    }
  }
}
